// !$*UTF8*$!
{
	archiveVersion = 1;
	classes = {
	};
	objectVersion = 52;
	objects = {

/* Begin PBXBuildFile section */
		3102D30B24B7BC7900EC8120 /* SettingsView.swift in Sources */ = {isa = PBXBuildFile; fileRef = 3102D30A24B7BC7900EC8120 /* SettingsView.swift */; };
		31115BC824B29A1700C91212 /* PiholeSetupView.swift in Sources */ = {isa = PBXBuildFile; fileRef = 31115BC724B29A1700C91212 /* PiholeSetupView.swift */; };
		311D0A7524B0ED05003F18DB /* StatsItemView.swift in Sources */ = {isa = PBXBuildFile; fileRef = 311D0A7424B0ED05003F18DB /* StatsItemView.swift */; };
		311D0A7724B0EFE3003F18DB /* StatsItemType.swift in Sources */ = {isa = PBXBuildFile; fileRef = 311D0A7624B0EFE3003F18DB /* StatsItemType.swift */; };
		311D0A7924B0F405003F18DB /* UIConstants.swift in Sources */ = {isa = PBXBuildFile; fileRef = 311D0A7824B0F405003F18DB /* UIConstants.swift */; };
		311D0A7B24B0F613003F18DB /* StatsView.swift in Sources */ = {isa = PBXBuildFile; fileRef = 311D0A7A24B0F613003F18DB /* StatsView.swift */; };
		315F5EC024BA162600FED38F /* WidgetKit.framework in Frameworks */ = {isa = PBXBuildFile; fileRef = 315F5EBF24BA162600FED38F /* WidgetKit.framework */; };
		315F5EC224BA162600FED38F /* SwiftUI.framework in Frameworks */ = {isa = PBXBuildFile; fileRef = 315F5EC124BA162600FED38F /* SwiftUI.framework */; };
		315F5EC524BA162600FED38F /* PiStatsWidget.swift in Sources */ = {isa = PBXBuildFile; fileRef = 315F5EC424BA162600FED38F /* PiStatsWidget.swift */; };
		315F5EC724BA162800FED38F /* Assets.xcassets in Resources */ = {isa = PBXBuildFile; fileRef = 315F5EC624BA162800FED38F /* Assets.xcassets */; };
		315F5ECB24BA162800FED38F /* PiStatsWidgetExtension.appex in Embed App Extensions */ = {isa = PBXBuildFile; fileRef = 315F5EBD24BA162600FED38F /* PiStatsWidgetExtension.appex */; settings = {ATTRIBUTES = (RemoveHeadersOnCopy, ); }; };
		315F5ED124BA1DF800FED38F /* StatsItemType.swift in Sources */ = {isa = PBXBuildFile; fileRef = 311D0A7624B0EFE3003F18DB /* StatsItemType.swift */; };
		315F5ED324BA1E0800FED38F /* StatsItemView.swift in Sources */ = {isa = PBXBuildFile; fileRef = 311D0A7424B0ED05003F18DB /* StatsItemView.swift */; };
		315F5ED424BA1E1500FED38F /* UIConstants.swift in Sources */ = {isa = PBXBuildFile; fileRef = 311D0A7824B0F405003F18DB /* UIConstants.swift */; };
		315F5ED724BA2D0800FED38F /* Pihole.swift in Sources */ = {isa = PBXBuildFile; fileRef = 319B082624B5321C008B3C2F /* Pihole.swift */; };
		315F5ED824BA2D0800FED38F /* PiholeDataProvider.swift in Sources */ = {isa = PBXBuildFile; fileRef = 319B082724B5321C008B3C2F /* PiholeDataProvider.swift */; };
		315F5ED924BA2D0C00FED38F /* APIToken.swift in Sources */ = {isa = PBXBuildFile; fileRef = 319B082E24B53268008B3C2F /* APIToken.swift */; };
		315F5EDA24BA2D0C00FED38F /* UserPreferences.swift in Sources */ = {isa = PBXBuildFile; fileRef = 319B082F24B53269008B3C2F /* UserPreferences.swift */; };
		315F5EDB24BA2D2700FED38F /* KeyChainPasswordItem.swift in Sources */ = {isa = PBXBuildFile; fileRef = 319B082C24B53255008B3C2F /* KeyChainPasswordItem.swift */; };
		315F5EDC24BA2D3200FED38F /* Logger.swift in Sources */ = {isa = PBXBuildFile; fileRef = 319B082A24B53246008B3C2F /* Logger.swift */; };
		315F5EDF24BA2E3900FED38F /* SwiftHole in Frameworks */ = {isa = PBXBuildFile; productRef = 315F5EDE24BA2E3900FED38F /* SwiftHole */; };
		315F5EE124BA2E4600FED38F /* SwiftHole in Frameworks */ = {isa = PBXBuildFile; productRef = 315F5EE024BA2E4600FED38F /* SwiftHole */; };
		3175EB5C24AE597900E7B5FF /* PiStatsMobileApp.swift in Sources */ = {isa = PBXBuildFile; fileRef = 3175EB5B24AE597900E7B5FF /* PiStatsMobileApp.swift */; };
		3175EB5E24AE597900E7B5FF /* ContentView.swift in Sources */ = {isa = PBXBuildFile; fileRef = 3175EB5D24AE597900E7B5FF /* ContentView.swift */; };
		3175EB6024AE597A00E7B5FF /* Assets.xcassets in Resources */ = {isa = PBXBuildFile; fileRef = 3175EB5F24AE597A00E7B5FF /* Assets.xcassets */; };
		3175EB6324AE597A00E7B5FF /* Preview Assets.xcassets in Resources */ = {isa = PBXBuildFile; fileRef = 3175EB6224AE597A00E7B5FF /* Preview Assets.xcassets */; };
		3175EB6E24AE597A00E7B5FF /* PiStatsMobileTests.swift in Sources */ = {isa = PBXBuildFile; fileRef = 3175EB6D24AE597A00E7B5FF /* PiStatsMobileTests.swift */; };
		3175EB7924AE597A00E7B5FF /* PiStatsMobileUITests.swift in Sources */ = {isa = PBXBuildFile; fileRef = 3175EB7824AE597A00E7B5FF /* PiStatsMobileUITests.swift */; };
		317D481D24B3ADE200897EA9 /* Localizable.strings in Resources */ = {isa = PBXBuildFile; fileRef = 317D481F24B3ADE200897EA9 /* Localizable.strings */; };
		317D482224B3D2F000897EA9 /* CodeScannerView.swift in Sources */ = {isa = PBXBuildFile; fileRef = 317D482124B3D2F000897EA9 /* CodeScannerView.swift */; };
		3182E29024BB6DA100BF53D9 /* UserDefaultExtensions.swift in Sources */ = {isa = PBXBuildFile; fileRef = 3182E28F24BB6DA100BF53D9 /* UserDefaultExtensions.swift */; };
		3182E29124BB6DA100BF53D9 /* UserDefaultExtensions.swift in Sources */ = {isa = PBXBuildFile; fileRef = 3182E28F24BB6DA100BF53D9 /* UserDefaultExtensions.swift */; };
		319B082824B5321C008B3C2F /* Pihole.swift in Sources */ = {isa = PBXBuildFile; fileRef = 319B082624B5321C008B3C2F /* Pihole.swift */; };
		319B082924B5321C008B3C2F /* PiholeDataProvider.swift in Sources */ = {isa = PBXBuildFile; fileRef = 319B082724B5321C008B3C2F /* PiholeDataProvider.swift */; };
		319B082B24B53246008B3C2F /* Logger.swift in Sources */ = {isa = PBXBuildFile; fileRef = 319B082A24B53246008B3C2F /* Logger.swift */; };
		319B082D24B53255008B3C2F /* KeyChainPasswordItem.swift in Sources */ = {isa = PBXBuildFile; fileRef = 319B082C24B53255008B3C2F /* KeyChainPasswordItem.swift */; };
		319B083024B53269008B3C2F /* APIToken.swift in Sources */ = {isa = PBXBuildFile; fileRef = 319B082E24B53268008B3C2F /* APIToken.swift */; };
		319B083124B53269008B3C2F /* UserPreferences.swift in Sources */ = {isa = PBXBuildFile; fileRef = 319B082F24B53269008B3C2F /* UserPreferences.swift */; };
		319F965D24B265D200B680D3 /* PiholeStatsList.swift in Sources */ = {isa = PBXBuildFile; fileRef = 319F965C24B265D200B680D3 /* PiholeStatsList.swift */; };
		31A4D54224B92D220033EF53 /* AppDelegate.swift in Sources */ = {isa = PBXBuildFile; fileRef = 31A4D54124B92D220033EF53 /* AppDelegate.swift */; };
		31FC1DAA24B64BA900319E6F /* PiholeDataProviderListManager.swift in Sources */ = {isa = PBXBuildFile; fileRef = 31FC1DA924B64BA900319E6F /* PiholeDataProviderListManager.swift */; };
/* End PBXBuildFile section */

/* Begin PBXContainerItemProxy section */
		315F5EC924BA162800FED38F /* PBXContainerItemProxy */ = {
			isa = PBXContainerItemProxy;
			containerPortal = 3175EB5024AE597900E7B5FF /* Project object */;
			proxyType = 1;
			remoteGlobalIDString = 315F5EBC24BA162600FED38F;
			remoteInfo = PiStatsWidgetExtension;
		};
		3175EB6A24AE597A00E7B5FF /* PBXContainerItemProxy */ = {
			isa = PBXContainerItemProxy;
			containerPortal = 3175EB5024AE597900E7B5FF /* Project object */;
			proxyType = 1;
			remoteGlobalIDString = 3175EB5724AE597900E7B5FF;
			remoteInfo = PiStatsMobile;
		};
		3175EB7524AE597A00E7B5FF /* PBXContainerItemProxy */ = {
			isa = PBXContainerItemProxy;
			containerPortal = 3175EB5024AE597900E7B5FF /* Project object */;
			proxyType = 1;
			remoteGlobalIDString = 3175EB5724AE597900E7B5FF;
			remoteInfo = PiStatsMobile;
		};
/* End PBXContainerItemProxy section */

/* Begin PBXCopyFilesBuildPhase section */
		315F5ECC24BA162800FED38F /* Embed App Extensions */ = {
			isa = PBXCopyFilesBuildPhase;
			buildActionMask = 2147483647;
			dstPath = "";
			dstSubfolderSpec = 13;
			files = (
				315F5ECB24BA162800FED38F /* PiStatsWidgetExtension.appex in Embed App Extensions */,
			);
			name = "Embed App Extensions";
			runOnlyForDeploymentPostprocessing = 0;
		};
/* End PBXCopyFilesBuildPhase section */

/* Begin PBXFileReference section */
		3102D30A24B7BC7900EC8120 /* SettingsView.swift */ = {isa = PBXFileReference; lastKnownFileType = sourcecode.swift; path = SettingsView.swift; sourceTree = "<group>"; };
		31115BC724B29A1700C91212 /* PiholeSetupView.swift */ = {isa = PBXFileReference; lastKnownFileType = sourcecode.swift; path = PiholeSetupView.swift; sourceTree = "<group>"; };
		311D0A7424B0ED05003F18DB /* StatsItemView.swift */ = {isa = PBXFileReference; lastKnownFileType = sourcecode.swift; path = StatsItemView.swift; sourceTree = "<group>"; };
		311D0A7624B0EFE3003F18DB /* StatsItemType.swift */ = {isa = PBXFileReference; lastKnownFileType = sourcecode.swift; path = StatsItemType.swift; sourceTree = "<group>"; };
		311D0A7824B0F405003F18DB /* UIConstants.swift */ = {isa = PBXFileReference; lastKnownFileType = sourcecode.swift; path = UIConstants.swift; sourceTree = "<group>"; };
		311D0A7A24B0F613003F18DB /* StatsView.swift */ = {isa = PBXFileReference; lastKnownFileType = sourcecode.swift; path = StatsView.swift; sourceTree = "<group>"; };
		315F5EBD24BA162600FED38F /* PiStatsWidgetExtension.appex */ = {isa = PBXFileReference; explicitFileType = "wrapper.app-extension"; includeInIndex = 0; path = PiStatsWidgetExtension.appex; sourceTree = BUILT_PRODUCTS_DIR; };
		315F5EBF24BA162600FED38F /* WidgetKit.framework */ = {isa = PBXFileReference; lastKnownFileType = wrapper.framework; name = WidgetKit.framework; path = System/Library/Frameworks/WidgetKit.framework; sourceTree = SDKROOT; };
		315F5EC124BA162600FED38F /* SwiftUI.framework */ = {isa = PBXFileReference; lastKnownFileType = wrapper.framework; name = SwiftUI.framework; path = System/Library/Frameworks/SwiftUI.framework; sourceTree = SDKROOT; };
		315F5EC424BA162600FED38F /* PiStatsWidget.swift */ = {isa = PBXFileReference; lastKnownFileType = sourcecode.swift; path = PiStatsWidget.swift; sourceTree = "<group>"; };
		315F5EC624BA162800FED38F /* Assets.xcassets */ = {isa = PBXFileReference; lastKnownFileType = folder.assetcatalog; path = Assets.xcassets; sourceTree = "<group>"; };
		315F5EC824BA162800FED38F /* Info.plist */ = {isa = PBXFileReference; lastKnownFileType = text.plist.xml; path = Info.plist; sourceTree = "<group>"; };
		3175EB5824AE597900E7B5FF /* PiStatsMobile.app */ = {isa = PBXFileReference; explicitFileType = wrapper.application; includeInIndex = 0; path = PiStatsMobile.app; sourceTree = BUILT_PRODUCTS_DIR; };
		3175EB5B24AE597900E7B5FF /* PiStatsMobileApp.swift */ = {isa = PBXFileReference; lastKnownFileType = sourcecode.swift; path = PiStatsMobileApp.swift; sourceTree = "<group>"; };
		3175EB5D24AE597900E7B5FF /* ContentView.swift */ = {isa = PBXFileReference; lastKnownFileType = sourcecode.swift; path = ContentView.swift; sourceTree = "<group>"; };
		3175EB5F24AE597A00E7B5FF /* Assets.xcassets */ = {isa = PBXFileReference; lastKnownFileType = folder.assetcatalog; path = Assets.xcassets; sourceTree = "<group>"; };
		3175EB6224AE597A00E7B5FF /* Preview Assets.xcassets */ = {isa = PBXFileReference; lastKnownFileType = folder.assetcatalog; path = "Preview Assets.xcassets"; sourceTree = "<group>"; };
		3175EB6424AE597A00E7B5FF /* Info.plist */ = {isa = PBXFileReference; lastKnownFileType = text.plist.xml; path = Info.plist; sourceTree = "<group>"; };
		3175EB6924AE597A00E7B5FF /* PiStatsMobileTests.xctest */ = {isa = PBXFileReference; explicitFileType = wrapper.cfbundle; includeInIndex = 0; path = PiStatsMobileTests.xctest; sourceTree = BUILT_PRODUCTS_DIR; };
		3175EB6D24AE597A00E7B5FF /* PiStatsMobileTests.swift */ = {isa = PBXFileReference; lastKnownFileType = sourcecode.swift; path = PiStatsMobileTests.swift; sourceTree = "<group>"; };
		3175EB6F24AE597A00E7B5FF /* Info.plist */ = {isa = PBXFileReference; lastKnownFileType = text.plist.xml; path = Info.plist; sourceTree = "<group>"; };
		3175EB7424AE597A00E7B5FF /* PiStatsMobileUITests.xctest */ = {isa = PBXFileReference; explicitFileType = wrapper.cfbundle; includeInIndex = 0; path = PiStatsMobileUITests.xctest; sourceTree = BUILT_PRODUCTS_DIR; };
		3175EB7824AE597A00E7B5FF /* PiStatsMobileUITests.swift */ = {isa = PBXFileReference; lastKnownFileType = sourcecode.swift; path = PiStatsMobileUITests.swift; sourceTree = "<group>"; };
		3175EB7A24AE597A00E7B5FF /* Info.plist */ = {isa = PBXFileReference; lastKnownFileType = text.plist.xml; path = Info.plist; sourceTree = "<group>"; };
		317D481E24B3ADE200897EA9 /* pt-BR */ = {isa = PBXFileReference; lastKnownFileType = text.plist.strings; name = "pt-BR"; path = "pt-BR.lproj/Localizable.strings"; sourceTree = "<group>"; };
		317D482024B3ADEA00897EA9 /* en */ = {isa = PBXFileReference; lastKnownFileType = text.plist.strings; name = en; path = en.lproj/Localizable.strings; sourceTree = "<group>"; };
		317D482124B3D2F000897EA9 /* CodeScannerView.swift */ = {isa = PBXFileReference; lastKnownFileType = sourcecode.swift; path = CodeScannerView.swift; sourceTree = "<group>"; };
		3182E28A24BB69BD00BF53D9 /* PiStatsWidgetExtension.entitlements */ = {isa = PBXFileReference; lastKnownFileType = text.plist.entitlements; path = PiStatsWidgetExtension.entitlements; sourceTree = "<group>"; };
		3182E28B24BB6A2300BF53D9 /* PiStatsMobile.entitlements */ = {isa = PBXFileReference; lastKnownFileType = text.plist.entitlements; path = PiStatsMobile.entitlements; sourceTree = "<group>"; };
		3182E28F24BB6DA100BF53D9 /* UserDefaultExtensions.swift */ = {isa = PBXFileReference; lastKnownFileType = sourcecode.swift; path = UserDefaultExtensions.swift; sourceTree = "<group>"; };
		319B082624B5321C008B3C2F /* Pihole.swift */ = {isa = PBXFileReference; fileEncoding = 4; lastKnownFileType = sourcecode.swift; path = Pihole.swift; sourceTree = "<group>"; };
		319B082724B5321C008B3C2F /* PiholeDataProvider.swift */ = {isa = PBXFileReference; fileEncoding = 4; lastKnownFileType = sourcecode.swift; path = PiholeDataProvider.swift; sourceTree = "<group>"; };
		319B082A24B53246008B3C2F /* Logger.swift */ = {isa = PBXFileReference; fileEncoding = 4; lastKnownFileType = sourcecode.swift; path = Logger.swift; sourceTree = "<group>"; };
		319B082C24B53255008B3C2F /* KeyChainPasswordItem.swift */ = {isa = PBXFileReference; fileEncoding = 4; lastKnownFileType = sourcecode.swift; path = KeyChainPasswordItem.swift; sourceTree = "<group>"; };
		319B082E24B53268008B3C2F /* APIToken.swift */ = {isa = PBXFileReference; fileEncoding = 4; lastKnownFileType = sourcecode.swift; path = APIToken.swift; sourceTree = "<group>"; };
		319B082F24B53269008B3C2F /* UserPreferences.swift */ = {isa = PBXFileReference; fileEncoding = 4; lastKnownFileType = sourcecode.swift; path = UserPreferences.swift; sourceTree = "<group>"; };
		319F965C24B265D200B680D3 /* PiholeStatsList.swift */ = {isa = PBXFileReference; lastKnownFileType = sourcecode.swift; path = PiholeStatsList.swift; sourceTree = "<group>"; };
		31A4D54124B92D220033EF53 /* AppDelegate.swift */ = {isa = PBXFileReference; lastKnownFileType = sourcecode.swift; path = AppDelegate.swift; sourceTree = "<group>"; };
		31FC1DA924B64BA900319E6F /* PiholeDataProviderListManager.swift */ = {isa = PBXFileReference; lastKnownFileType = sourcecode.swift; path = PiholeDataProviderListManager.swift; sourceTree = "<group>"; };
/* End PBXFileReference section */

/* Begin PBXFrameworksBuildPhase section */
		315F5EBA24BA162600FED38F /* Frameworks */ = {
			isa = PBXFrameworksBuildPhase;
			buildActionMask = 2147483647;
			files = (
				315F5EC224BA162600FED38F /* SwiftUI.framework in Frameworks */,
				315F5EC024BA162600FED38F /* WidgetKit.framework in Frameworks */,
				315F5EE124BA2E4600FED38F /* SwiftHole in Frameworks */,
			);
			runOnlyForDeploymentPostprocessing = 0;
		};
		3175EB5524AE597900E7B5FF /* Frameworks */ = {
			isa = PBXFrameworksBuildPhase;
			buildActionMask = 2147483647;
			files = (
				315F5EDF24BA2E3900FED38F /* SwiftHole in Frameworks */,
			);
			runOnlyForDeploymentPostprocessing = 0;
		};
		3175EB6624AE597A00E7B5FF /* Frameworks */ = {
			isa = PBXFrameworksBuildPhase;
			buildActionMask = 2147483647;
			files = (
			);
			runOnlyForDeploymentPostprocessing = 0;
		};
		3175EB7124AE597A00E7B5FF /* Frameworks */ = {
			isa = PBXFrameworksBuildPhase;
			buildActionMask = 2147483647;
			files = (
			);
			runOnlyForDeploymentPostprocessing = 0;
		};
/* End PBXFrameworksBuildPhase section */

/* Begin PBXGroup section */
		3102D30C24B7CE5900EC8120 /* UserData */ = {
			isa = PBXGroup;
			children = (
				319B082C24B53255008B3C2F /* KeyChainPasswordItem.swift */,
				319B082E24B53268008B3C2F /* APIToken.swift */,
				319B082F24B53269008B3C2F /* UserPreferences.swift */,
			);
			path = UserData;
			sourceTree = "<group>";
		};
		315F5EBE24BA162600FED38F /* Frameworks */ = {
			isa = PBXGroup;
			children = (
				315F5EBF24BA162600FED38F /* WidgetKit.framework */,
				315F5EC124BA162600FED38F /* SwiftUI.framework */,
			);
			name = Frameworks;
			sourceTree = "<group>";
		};
		315F5EC324BA162600FED38F /* PiStatsWidget */ = {
			isa = PBXGroup;
			children = (
				315F5EC424BA162600FED38F /* PiStatsWidget.swift */,
				315F5EC624BA162800FED38F /* Assets.xcassets */,
				315F5EC824BA162800FED38F /* Info.plist */,
			);
			path = PiStatsWidget;
			sourceTree = "<group>";
		};
		315F5ED024BA1DC400FED38F /* Shared */ = {
			isa = PBXGroup;
			children = (
				31FC1DAB24B669E100319E6F /* Core */,
				311D0A7824B0F405003F18DB /* UIConstants.swift */,
				311D0A7624B0EFE3003F18DB /* StatsItemType.swift */,
				311D0A7424B0ED05003F18DB /* StatsItemView.swift */,
			);
			path = Shared;
			sourceTree = "<group>";
		};
		3175EB4F24AE597900E7B5FF = {
			isa = PBXGroup;
			children = (
				3182E28A24BB69BD00BF53D9 /* PiStatsWidgetExtension.entitlements */,
				315F5ED024BA1DC400FED38F /* Shared */,
				3175EB5A24AE597900E7B5FF /* PiStatsMobile */,
				3175EB6C24AE597A00E7B5FF /* PiStatsMobileTests */,
				3175EB7724AE597A00E7B5FF /* PiStatsMobileUITests */,
				315F5EC324BA162600FED38F /* PiStatsWidget */,
				315F5EBE24BA162600FED38F /* Frameworks */,
				3175EB5924AE597900E7B5FF /* Products */,
			);
			sourceTree = "<group>";
		};
		3175EB5924AE597900E7B5FF /* Products */ = {
			isa = PBXGroup;
			children = (
				3175EB5824AE597900E7B5FF /* PiStatsMobile.app */,
				3175EB6924AE597A00E7B5FF /* PiStatsMobileTests.xctest */,
				3175EB7424AE597A00E7B5FF /* PiStatsMobileUITests.xctest */,
				315F5EBD24BA162600FED38F /* PiStatsWidgetExtension.appex */,
			);
			name = Products;
			sourceTree = "<group>";
		};
		3175EB5A24AE597900E7B5FF /* PiStatsMobile */ = {
			isa = PBXGroup;
			children = (
				3182E28B24BB6A2300BF53D9 /* PiStatsMobile.entitlements */,
				3175EB5B24AE597900E7B5FF /* PiStatsMobileApp.swift */,
				31FC1DA924B64BA900319E6F /* PiholeDataProviderListManager.swift */,
				31A4D54124B92D220033EF53 /* AppDelegate.swift */,
				319F965B24B2658300B680D3 /* Views */,
				317D481724B3ACCE00897EA9 /* Utils */,
				317D481824B3ACDD00897EA9 /* Supporting Files */,
			);
			path = PiStatsMobile;
			sourceTree = "<group>";
		};
		3175EB6124AE597A00E7B5FF /* Preview Content */ = {
			isa = PBXGroup;
			children = (
				3175EB6224AE597A00E7B5FF /* Preview Assets.xcassets */,
			);
			path = "Preview Content";
			sourceTree = "<group>";
		};
		3175EB6C24AE597A00E7B5FF /* PiStatsMobileTests */ = {
			isa = PBXGroup;
			children = (
				3175EB6D24AE597A00E7B5FF /* PiStatsMobileTests.swift */,
				3175EB6F24AE597A00E7B5FF /* Info.plist */,
			);
			path = PiStatsMobileTests;
			sourceTree = "<group>";
		};
		3175EB7724AE597A00E7B5FF /* PiStatsMobileUITests */ = {
			isa = PBXGroup;
			children = (
				3175EB7824AE597A00E7B5FF /* PiStatsMobileUITests.swift */,
				3175EB7A24AE597A00E7B5FF /* Info.plist */,
			);
			path = PiStatsMobileUITests;
			sourceTree = "<group>";
		};
		317D481724B3ACCE00897EA9 /* Utils */ = {
			isa = PBXGroup;
			children = (
				317D482124B3D2F000897EA9 /* CodeScannerView.swift */,
				3182E28F24BB6DA100BF53D9 /* UserDefaultExtensions.swift */,
			);
			path = Utils;
			sourceTree = "<group>";
		};
		317D481824B3ACDD00897EA9 /* Supporting Files */ = {
			isa = PBXGroup;
			children = (
				3175EB6124AE597A00E7B5FF /* Preview Content */,
				317D481F24B3ADE200897EA9 /* Localizable.strings */,
				3175EB5F24AE597A00E7B5FF /* Assets.xcassets */,
				3175EB6424AE597A00E7B5FF /* Info.plist */,
			);
			path = "Supporting Files";
			sourceTree = "<group>";
		};
		319F965B24B2658300B680D3 /* Views */ = {
			isa = PBXGroup;
			children = (
				3175EB5D24AE597900E7B5FF /* ContentView.swift */,
				31F3DFE324B50E8D001D4679 /* Settings */,
				31F3DFE224B50E84001D4679 /* Piholes */,
			);
			path = Views;
			sourceTree = "<group>";
		};
		31F3DFE224B50E84001D4679 /* Piholes */ = {
			isa = PBXGroup;
			children = (
				319F965C24B265D200B680D3 /* PiholeStatsList.swift */,
				311D0A7A24B0F613003F18DB /* StatsView.swift */,
				31115BC724B29A1700C91212 /* PiholeSetupView.swift */,
			);
			path = Piholes;
			sourceTree = "<group>";
		};
		31F3DFE324B50E8D001D4679 /* Settings */ = {
			isa = PBXGroup;
			children = (
				3102D30A24B7BC7900EC8120 /* SettingsView.swift */,
			);
			path = Settings;
			sourceTree = "<group>";
		};
		31FC1DAB24B669E100319E6F /* Core */ = {
			isa = PBXGroup;
			children = (
				319B082A24B53246008B3C2F /* Logger.swift */,
				3102D30C24B7CE5900EC8120 /* UserData */,
				319B082624B5321C008B3C2F /* Pihole.swift */,
				319B082724B5321C008B3C2F /* PiholeDataProvider.swift */,
			);
			path = Core;
			sourceTree = "<group>";
		};
/* End PBXGroup section */

/* Begin PBXNativeTarget section */
		315F5EBC24BA162600FED38F /* PiStatsWidgetExtension */ = {
			isa = PBXNativeTarget;
			buildConfigurationList = 315F5ECF24BA162800FED38F /* Build configuration list for PBXNativeTarget "PiStatsWidgetExtension" */;
			buildPhases = (
				315F5EB924BA162600FED38F /* Sources */,
				315F5EBA24BA162600FED38F /* Frameworks */,
				315F5EBB24BA162600FED38F /* Resources */,
			);
			buildRules = (
			);
			dependencies = (
			);
			name = PiStatsWidgetExtension;
			packageProductDependencies = (
				315F5EE024BA2E4600FED38F /* SwiftHole */,
			);
			productName = PiStatsWidgetExtension;
			productReference = 315F5EBD24BA162600FED38F /* PiStatsWidgetExtension.appex */;
			productType = "com.apple.product-type.app-extension";
		};
		3175EB5724AE597900E7B5FF /* PiStatsMobile */ = {
			isa = PBXNativeTarget;
			buildConfigurationList = 3175EB7D24AE597A00E7B5FF /* Build configuration list for PBXNativeTarget "PiStatsMobile" */;
			buildPhases = (
				3175EB5424AE597900E7B5FF /* Sources */,
				3175EB5524AE597900E7B5FF /* Frameworks */,
				3175EB5624AE597900E7B5FF /* Resources */,
				315F5ECC24BA162800FED38F /* Embed App Extensions */,
			);
			buildRules = (
			);
			dependencies = (
				315F5ECA24BA162800FED38F /* PBXTargetDependency */,
			);
			name = PiStatsMobile;
			packageProductDependencies = (
				315F5EDE24BA2E3900FED38F /* SwiftHole */,
			);
			productName = PiStatsMobile;
			productReference = 3175EB5824AE597900E7B5FF /* PiStatsMobile.app */;
			productType = "com.apple.product-type.application";
		};
		3175EB6824AE597A00E7B5FF /* PiStatsMobileTests */ = {
			isa = PBXNativeTarget;
			buildConfigurationList = 3175EB8024AE597A00E7B5FF /* Build configuration list for PBXNativeTarget "PiStatsMobileTests" */;
			buildPhases = (
				3175EB6524AE597A00E7B5FF /* Sources */,
				3175EB6624AE597A00E7B5FF /* Frameworks */,
				3175EB6724AE597A00E7B5FF /* Resources */,
			);
			buildRules = (
			);
			dependencies = (
				3175EB6B24AE597A00E7B5FF /* PBXTargetDependency */,
			);
			name = PiStatsMobileTests;
			productName = PiStatsMobileTests;
			productReference = 3175EB6924AE597A00E7B5FF /* PiStatsMobileTests.xctest */;
			productType = "com.apple.product-type.bundle.unit-test";
		};
		3175EB7324AE597A00E7B5FF /* PiStatsMobileUITests */ = {
			isa = PBXNativeTarget;
			buildConfigurationList = 3175EB8324AE597A00E7B5FF /* Build configuration list for PBXNativeTarget "PiStatsMobileUITests" */;
			buildPhases = (
				3175EB7024AE597A00E7B5FF /* Sources */,
				3175EB7124AE597A00E7B5FF /* Frameworks */,
				3175EB7224AE597A00E7B5FF /* Resources */,
			);
			buildRules = (
			);
			dependencies = (
				3175EB7624AE597A00E7B5FF /* PBXTargetDependency */,
			);
			name = PiStatsMobileUITests;
			productName = PiStatsMobileUITests;
			productReference = 3175EB7424AE597A00E7B5FF /* PiStatsMobileUITests.xctest */;
			productType = "com.apple.product-type.bundle.ui-testing";
		};
/* End PBXNativeTarget section */

/* Begin PBXProject section */
		3175EB5024AE597900E7B5FF /* Project object */ = {
			isa = PBXProject;
			attributes = {
				LastSwiftUpdateCheck = 1200;
				LastUpgradeCheck = 1200;
				TargetAttributes = {
					315F5EBC24BA162600FED38F = {
						CreatedOnToolsVersion = 12.0;
					};
					3175EB5724AE597900E7B5FF = {
						CreatedOnToolsVersion = 12.0;
					};
					3175EB6824AE597A00E7B5FF = {
						CreatedOnToolsVersion = 12.0;
						TestTargetID = 3175EB5724AE597900E7B5FF;
					};
					3175EB7324AE597A00E7B5FF = {
						CreatedOnToolsVersion = 12.0;
						TestTargetID = 3175EB5724AE597900E7B5FF;
					};
				};
			};
			buildConfigurationList = 3175EB5324AE597900E7B5FF /* Build configuration list for PBXProject "PiStatsMobile" */;
			compatibilityVersion = "Xcode 9.3";
			developmentRegion = en;
			hasScannedForEncodings = 0;
			knownRegions = (
				en,
				Base,
				"pt-BR",
			);
			mainGroup = 3175EB4F24AE597900E7B5FF;
			packageReferences = (
				315F5EDD24BA2E3900FED38F /* XCRemoteSwiftPackageReference "SwiftHole" */,
			);
			productRefGroup = 3175EB5924AE597900E7B5FF /* Products */;
			projectDirPath = "";
			projectRoot = "";
			targets = (
				3175EB5724AE597900E7B5FF /* PiStatsMobile */,
				3175EB6824AE597A00E7B5FF /* PiStatsMobileTests */,
				3175EB7324AE597A00E7B5FF /* PiStatsMobileUITests */,
				315F5EBC24BA162600FED38F /* PiStatsWidgetExtension */,
			);
		};
/* End PBXProject section */

/* Begin PBXResourcesBuildPhase section */
		315F5EBB24BA162600FED38F /* Resources */ = {
			isa = PBXResourcesBuildPhase;
			buildActionMask = 2147483647;
			files = (
				315F5EC724BA162800FED38F /* Assets.xcassets in Resources */,
			);
			runOnlyForDeploymentPostprocessing = 0;
		};
		3175EB5624AE597900E7B5FF /* Resources */ = {
			isa = PBXResourcesBuildPhase;
			buildActionMask = 2147483647;
			files = (
				3175EB6324AE597A00E7B5FF /* Preview Assets.xcassets in Resources */,
				317D481D24B3ADE200897EA9 /* Localizable.strings in Resources */,
				3175EB6024AE597A00E7B5FF /* Assets.xcassets in Resources */,
			);
			runOnlyForDeploymentPostprocessing = 0;
		};
		3175EB6724AE597A00E7B5FF /* Resources */ = {
			isa = PBXResourcesBuildPhase;
			buildActionMask = 2147483647;
			files = (
			);
			runOnlyForDeploymentPostprocessing = 0;
		};
		3175EB7224AE597A00E7B5FF /* Resources */ = {
			isa = PBXResourcesBuildPhase;
			buildActionMask = 2147483647;
			files = (
			);
			runOnlyForDeploymentPostprocessing = 0;
		};
/* End PBXResourcesBuildPhase section */

/* Begin PBXSourcesBuildPhase section */
		315F5EB924BA162600FED38F /* Sources */ = {
			isa = PBXSourcesBuildPhase;
			buildActionMask = 2147483647;
			files = (
				315F5ED324BA1E0800FED38F /* StatsItemView.swift in Sources */,
				315F5EDC24BA2D3200FED38F /* Logger.swift in Sources */,
				315F5ED724BA2D0800FED38F /* Pihole.swift in Sources */,
				315F5ED824BA2D0800FED38F /* PiholeDataProvider.swift in Sources */,
				315F5EDA24BA2D0C00FED38F /* UserPreferences.swift in Sources */,
				315F5EDB24BA2D2700FED38F /* KeyChainPasswordItem.swift in Sources */,
				3182E29124BB6DA100BF53D9 /* UserDefaultExtensions.swift in Sources */,
				315F5ED924BA2D0C00FED38F /* APIToken.swift in Sources */,
				315F5ED124BA1DF800FED38F /* StatsItemType.swift in Sources */,
				315F5EC524BA162600FED38F /* PiStatsWidget.swift in Sources */,
				315F5ED424BA1E1500FED38F /* UIConstants.swift in Sources */,
			);
			runOnlyForDeploymentPostprocessing = 0;
		};
		3175EB5424AE597900E7B5FF /* Sources */ = {
			isa = PBXSourcesBuildPhase;
			buildActionMask = 2147483647;
			files = (
				311D0A7524B0ED05003F18DB /* StatsItemView.swift in Sources */,
				317D482224B3D2F000897EA9 /* CodeScannerView.swift in Sources */,
				319B083024B53269008B3C2F /* APIToken.swift in Sources */,
				31FC1DAA24B64BA900319E6F /* PiholeDataProviderListManager.swift in Sources */,
				3175EB5E24AE597900E7B5FF /* ContentView.swift in Sources */,
				3102D30B24B7BC7900EC8120 /* SettingsView.swift in Sources */,
				311D0A7B24B0F613003F18DB /* StatsView.swift in Sources */,
				311D0A7924B0F405003F18DB /* UIConstants.swift in Sources */,
				319F965D24B265D200B680D3 /* PiholeStatsList.swift in Sources */,
				319B082D24B53255008B3C2F /* KeyChainPasswordItem.swift in Sources */,
				319B082824B5321C008B3C2F /* Pihole.swift in Sources */,
				319B082B24B53246008B3C2F /* Logger.swift in Sources */,
				31A4D54224B92D220033EF53 /* AppDelegate.swift in Sources */,
				319B083124B53269008B3C2F /* UserPreferences.swift in Sources */,
				31115BC824B29A1700C91212 /* PiholeSetupView.swift in Sources */,
				319B082924B5321C008B3C2F /* PiholeDataProvider.swift in Sources */,
				311D0A7724B0EFE3003F18DB /* StatsItemType.swift in Sources */,
				3182E29024BB6DA100BF53D9 /* UserDefaultExtensions.swift in Sources */,
				3175EB5C24AE597900E7B5FF /* PiStatsMobileApp.swift in Sources */,
			);
			runOnlyForDeploymentPostprocessing = 0;
		};
		3175EB6524AE597A00E7B5FF /* Sources */ = {
			isa = PBXSourcesBuildPhase;
			buildActionMask = 2147483647;
			files = (
				3175EB6E24AE597A00E7B5FF /* PiStatsMobileTests.swift in Sources */,
			);
			runOnlyForDeploymentPostprocessing = 0;
		};
		3175EB7024AE597A00E7B5FF /* Sources */ = {
			isa = PBXSourcesBuildPhase;
			buildActionMask = 2147483647;
			files = (
				3175EB7924AE597A00E7B5FF /* PiStatsMobileUITests.swift in Sources */,
			);
			runOnlyForDeploymentPostprocessing = 0;
		};
/* End PBXSourcesBuildPhase section */

/* Begin PBXTargetDependency section */
		315F5ECA24BA162800FED38F /* PBXTargetDependency */ = {
			isa = PBXTargetDependency;
			target = 315F5EBC24BA162600FED38F /* PiStatsWidgetExtension */;
			targetProxy = 315F5EC924BA162800FED38F /* PBXContainerItemProxy */;
		};
		3175EB6B24AE597A00E7B5FF /* PBXTargetDependency */ = {
			isa = PBXTargetDependency;
			target = 3175EB5724AE597900E7B5FF /* PiStatsMobile */;
			targetProxy = 3175EB6A24AE597A00E7B5FF /* PBXContainerItemProxy */;
		};
		3175EB7624AE597A00E7B5FF /* PBXTargetDependency */ = {
			isa = PBXTargetDependency;
			target = 3175EB5724AE597900E7B5FF /* PiStatsMobile */;
			targetProxy = 3175EB7524AE597A00E7B5FF /* PBXContainerItemProxy */;
		};
/* End PBXTargetDependency section */

/* Begin PBXVariantGroup section */
		317D481F24B3ADE200897EA9 /* Localizable.strings */ = {
			isa = PBXVariantGroup;
			children = (
				317D481E24B3ADE200897EA9 /* pt-BR */,
				317D482024B3ADEA00897EA9 /* en */,
			);
			name = Localizable.strings;
			sourceTree = "<group>";
		};
/* End PBXVariantGroup section */

/* Begin XCBuildConfiguration section */
		315F5ECD24BA162800FED38F /* Debug */ = {
			isa = XCBuildConfiguration;
			buildSettings = {
				ASSETCATALOG_COMPILER_GLOBAL_ACCENT_COLOR_NAME = AccentColor;
				ASSETCATALOG_COMPILER_WIDGET_BACKGROUND_COLOR_NAME = WidgetBackground;
				CODE_SIGN_ENTITLEMENTS = PiStatsWidgetExtension.entitlements;
				CODE_SIGN_STYLE = Automatic;
				DEVELOPMENT_TEAM = B2RUA6XMHC;
				INFOPLIST_FILE = PiStatsWidget/Info.plist;
				LD_RUNPATH_SEARCH_PATHS = (
					"$(inherited)",
					"@executable_path/Frameworks",
					"@executable_path/../../Frameworks",
				);
				PRODUCT_BUNDLE_IDENTIFIER = dev.bunn.PiStatsMobile.PiStatsWidget;
				PRODUCT_NAME = "$(TARGET_NAME)";
				SKIP_INSTALL = YES;
				SWIFT_VERSION = 5.0;
				TARGETED_DEVICE_FAMILY = "1,2";
			};
			name = Debug;
		};
		315F5ECE24BA162800FED38F /* Release */ = {
			isa = XCBuildConfiguration;
			buildSettings = {
				ASSETCATALOG_COMPILER_GLOBAL_ACCENT_COLOR_NAME = AccentColor;
				ASSETCATALOG_COMPILER_WIDGET_BACKGROUND_COLOR_NAME = WidgetBackground;
				CODE_SIGN_ENTITLEMENTS = PiStatsWidgetExtension.entitlements;
				CODE_SIGN_STYLE = Automatic;
				DEVELOPMENT_TEAM = B2RUA6XMHC;
				INFOPLIST_FILE = PiStatsWidget/Info.plist;
				LD_RUNPATH_SEARCH_PATHS = (
					"$(inherited)",
					"@executable_path/Frameworks",
					"@executable_path/../../Frameworks",
				);
				PRODUCT_BUNDLE_IDENTIFIER = dev.bunn.PiStatsMobile.PiStatsWidget;
				PRODUCT_NAME = "$(TARGET_NAME)";
				SKIP_INSTALL = YES;
				SWIFT_VERSION = 5.0;
				TARGETED_DEVICE_FAMILY = "1,2";
			};
			name = Release;
		};
		3175EB7B24AE597A00E7B5FF /* Debug */ = {
			isa = XCBuildConfiguration;
			buildSettings = {
				ALWAYS_SEARCH_USER_PATHS = NO;
				CLANG_ANALYZER_NONNULL = YES;
				CLANG_ANALYZER_NUMBER_OBJECT_CONVERSION = YES_AGGRESSIVE;
				CLANG_CXX_LANGUAGE_STANDARD = "gnu++14";
				CLANG_CXX_LIBRARY = "libc++";
				CLANG_ENABLE_MODULES = YES;
				CLANG_ENABLE_OBJC_ARC = YES;
				CLANG_ENABLE_OBJC_WEAK = YES;
				CLANG_WARN_BLOCK_CAPTURE_AUTORELEASING = YES;
				CLANG_WARN_BOOL_CONVERSION = YES;
				CLANG_WARN_COMMA = YES;
				CLANG_WARN_CONSTANT_CONVERSION = YES;
				CLANG_WARN_DEPRECATED_OBJC_IMPLEMENTATIONS = YES;
				CLANG_WARN_DIRECT_OBJC_ISA_USAGE = YES_ERROR;
				CLANG_WARN_DOCUMENTATION_COMMENTS = YES;
				CLANG_WARN_EMPTY_BODY = YES;
				CLANG_WARN_ENUM_CONVERSION = YES;
				CLANG_WARN_INFINITE_RECURSION = YES;
				CLANG_WARN_INT_CONVERSION = YES;
				CLANG_WARN_NON_LITERAL_NULL_CONVERSION = YES;
				CLANG_WARN_OBJC_IMPLICIT_RETAIN_SELF = YES;
				CLANG_WARN_OBJC_LITERAL_CONVERSION = YES;
				CLANG_WARN_OBJC_ROOT_CLASS = YES_ERROR;
				CLANG_WARN_QUOTED_INCLUDE_IN_FRAMEWORK_HEADER = YES;
				CLANG_WARN_RANGE_LOOP_ANALYSIS = YES;
				CLANG_WARN_STRICT_PROTOTYPES = YES;
				CLANG_WARN_SUSPICIOUS_MOVE = YES;
				CLANG_WARN_UNGUARDED_AVAILABILITY = YES_AGGRESSIVE;
				CLANG_WARN_UNREACHABLE_CODE = YES;
				CLANG_WARN__DUPLICATE_METHOD_MATCH = YES;
				COPY_PHASE_STRIP = NO;
				DEBUG_INFORMATION_FORMAT = dwarf;
				ENABLE_STRICT_OBJC_MSGSEND = YES;
				ENABLE_TESTABILITY = YES;
				GCC_C_LANGUAGE_STANDARD = gnu11;
				GCC_DYNAMIC_NO_PIC = NO;
				GCC_NO_COMMON_BLOCKS = YES;
				GCC_OPTIMIZATION_LEVEL = 0;
				GCC_PREPROCESSOR_DEFINITIONS = (
					"DEBUG=1",
					"$(inherited)",
				);
				GCC_WARN_64_TO_32_BIT_CONVERSION = YES;
				GCC_WARN_ABOUT_RETURN_TYPE = YES_ERROR;
				GCC_WARN_UNDECLARED_SELECTOR = YES;
				GCC_WARN_UNINITIALIZED_AUTOS = YES_AGGRESSIVE;
				GCC_WARN_UNUSED_FUNCTION = YES;
				GCC_WARN_UNUSED_VARIABLE = YES;
				IPHONEOS_DEPLOYMENT_TARGET = 14.0;
				MTL_ENABLE_DEBUG_INFO = INCLUDE_SOURCE;
				MTL_FAST_MATH = YES;
				ONLY_ACTIVE_ARCH = YES;
				SDKROOT = iphoneos;
				SWIFT_ACTIVE_COMPILATION_CONDITIONS = DEBUG;
				SWIFT_OPTIMIZATION_LEVEL = "-Onone";
			};
			name = Debug;
		};
		3175EB7C24AE597A00E7B5FF /* Release */ = {
			isa = XCBuildConfiguration;
			buildSettings = {
				ALWAYS_SEARCH_USER_PATHS = NO;
				CLANG_ANALYZER_NONNULL = YES;
				CLANG_ANALYZER_NUMBER_OBJECT_CONVERSION = YES_AGGRESSIVE;
				CLANG_CXX_LANGUAGE_STANDARD = "gnu++14";
				CLANG_CXX_LIBRARY = "libc++";
				CLANG_ENABLE_MODULES = YES;
				CLANG_ENABLE_OBJC_ARC = YES;
				CLANG_ENABLE_OBJC_WEAK = YES;
				CLANG_WARN_BLOCK_CAPTURE_AUTORELEASING = YES;
				CLANG_WARN_BOOL_CONVERSION = YES;
				CLANG_WARN_COMMA = YES;
				CLANG_WARN_CONSTANT_CONVERSION = YES;
				CLANG_WARN_DEPRECATED_OBJC_IMPLEMENTATIONS = YES;
				CLANG_WARN_DIRECT_OBJC_ISA_USAGE = YES_ERROR;
				CLANG_WARN_DOCUMENTATION_COMMENTS = YES;
				CLANG_WARN_EMPTY_BODY = YES;
				CLANG_WARN_ENUM_CONVERSION = YES;
				CLANG_WARN_INFINITE_RECURSION = YES;
				CLANG_WARN_INT_CONVERSION = YES;
				CLANG_WARN_NON_LITERAL_NULL_CONVERSION = YES;
				CLANG_WARN_OBJC_IMPLICIT_RETAIN_SELF = YES;
				CLANG_WARN_OBJC_LITERAL_CONVERSION = YES;
				CLANG_WARN_OBJC_ROOT_CLASS = YES_ERROR;
				CLANG_WARN_QUOTED_INCLUDE_IN_FRAMEWORK_HEADER = YES;
				CLANG_WARN_RANGE_LOOP_ANALYSIS = YES;
				CLANG_WARN_STRICT_PROTOTYPES = YES;
				CLANG_WARN_SUSPICIOUS_MOVE = YES;
				CLANG_WARN_UNGUARDED_AVAILABILITY = YES_AGGRESSIVE;
				CLANG_WARN_UNREACHABLE_CODE = YES;
				CLANG_WARN__DUPLICATE_METHOD_MATCH = YES;
				COPY_PHASE_STRIP = NO;
				DEBUG_INFORMATION_FORMAT = "dwarf-with-dsym";
				ENABLE_NS_ASSERTIONS = NO;
				ENABLE_STRICT_OBJC_MSGSEND = YES;
				GCC_C_LANGUAGE_STANDARD = gnu11;
				GCC_NO_COMMON_BLOCKS = YES;
				GCC_WARN_64_TO_32_BIT_CONVERSION = YES;
				GCC_WARN_ABOUT_RETURN_TYPE = YES_ERROR;
				GCC_WARN_UNDECLARED_SELECTOR = YES;
				GCC_WARN_UNINITIALIZED_AUTOS = YES_AGGRESSIVE;
				GCC_WARN_UNUSED_FUNCTION = YES;
				GCC_WARN_UNUSED_VARIABLE = YES;
				IPHONEOS_DEPLOYMENT_TARGET = 14.0;
				MTL_ENABLE_DEBUG_INFO = NO;
				MTL_FAST_MATH = YES;
				SDKROOT = iphoneos;
				SWIFT_COMPILATION_MODE = wholemodule;
				SWIFT_OPTIMIZATION_LEVEL = "-O";
				VALIDATE_PRODUCT = YES;
			};
			name = Release;
		};
		3175EB7E24AE597A00E7B5FF /* Debug */ = {
			isa = XCBuildConfiguration;
			buildSettings = {
				ALWAYS_EMBED_SWIFT_STANDARD_LIBRARIES = YES;
				ASSETCATALOG_COMPILER_APPICON_NAME = AppIcon;
				ASSETCATALOG_COMPILER_GLOBAL_ACCENT_COLOR_NAME = AccentColor;
				CODE_SIGN_ENTITLEMENTS = PiStatsMobile/PiStatsMobile.entitlements;
				CODE_SIGN_STYLE = Automatic;
				CURRENT_PROJECT_VERSION = 2;
				DEVELOPMENT_ASSET_PATHS = "\"PiStatsMobile/Supporting Files/Preview Content\"";
				DEVELOPMENT_TEAM = B2RUA6XMHC;
				ENABLE_PREVIEWS = YES;
				INFOPLIST_FILE = "PiStatsMobile/Supporting Files/Info.plist";
				IPHONEOS_DEPLOYMENT_TARGET = 14.0;
				LD_RUNPATH_SEARCH_PATHS = (
					"$(inherited)",
					"@executable_path/Frameworks",
				);
				PRODUCT_BUNDLE_IDENTIFIER = dev.bunn.PiStatsMobile;
				PRODUCT_NAME = "$(TARGET_NAME)";
				SWIFT_VERSION = 5.0;
				TARGETED_DEVICE_FAMILY = 1;
			};
			name = Debug;
		};
		3175EB7F24AE597A00E7B5FF /* Release */ = {
			isa = XCBuildConfiguration;
			buildSettings = {
				ALWAYS_EMBED_SWIFT_STANDARD_LIBRARIES = YES;
				ASSETCATALOG_COMPILER_APPICON_NAME = AppIcon;
				ASSETCATALOG_COMPILER_GLOBAL_ACCENT_COLOR_NAME = AccentColor;
				CODE_SIGN_ENTITLEMENTS = PiStatsMobile/PiStatsMobile.entitlements;
				CODE_SIGN_STYLE = Automatic;
				CURRENT_PROJECT_VERSION = 2;
				DEVELOPMENT_ASSET_PATHS = "\"PiStatsMobile/Supporting Files/Preview Content\"";
				DEVELOPMENT_TEAM = B2RUA6XMHC;
				ENABLE_PREVIEWS = YES;
				INFOPLIST_FILE = "PiStatsMobile/Supporting Files/Info.plist";
				IPHONEOS_DEPLOYMENT_TARGET = 14.0;
				LD_RUNPATH_SEARCH_PATHS = (
					"$(inherited)",
					"@executable_path/Frameworks",
				);
				PRODUCT_BUNDLE_IDENTIFIER = dev.bunn.PiStatsMobile;
				PRODUCT_NAME = "$(TARGET_NAME)";
				SWIFT_VERSION = 5.0;
				TARGETED_DEVICE_FAMILY = 1;
			};
			name = Release;
		};
		3175EB8124AE597A00E7B5FF /* Debug */ = {
			isa = XCBuildConfiguration;
			buildSettings = {
				ALWAYS_EMBED_SWIFT_STANDARD_LIBRARIES = YES;
				BUNDLE_LOADER = "$(TEST_HOST)";
				CODE_SIGN_STYLE = Automatic;
				DEVELOPMENT_TEAM = B2RUA6XMHC;
				INFOPLIST_FILE = PiStatsMobileTests/Info.plist;
				IPHONEOS_DEPLOYMENT_TARGET = 14.0;
				LD_RUNPATH_SEARCH_PATHS = (
					"$(inherited)",
					"@executable_path/Frameworks",
					"@loader_path/Frameworks",
				);
				PRODUCT_BUNDLE_IDENTIFIER = dev.bunn.PiStatsMobileTests;
				PRODUCT_NAME = "$(TARGET_NAME)";
				SWIFT_VERSION = 5.0;
				TARGETED_DEVICE_FAMILY = "1,2";
				TEST_HOST = "$(BUILT_PRODUCTS_DIR)/PiStatsMobile.app/PiStatsMobile";
			};
			name = Debug;
		};
		3175EB8224AE597A00E7B5FF /* Release */ = {
			isa = XCBuildConfiguration;
			buildSettings = {
				ALWAYS_EMBED_SWIFT_STANDARD_LIBRARIES = YES;
				BUNDLE_LOADER = "$(TEST_HOST)";
				CODE_SIGN_STYLE = Automatic;
				DEVELOPMENT_TEAM = B2RUA6XMHC;
				INFOPLIST_FILE = PiStatsMobileTests/Info.plist;
				IPHONEOS_DEPLOYMENT_TARGET = 14.0;
				LD_RUNPATH_SEARCH_PATHS = (
					"$(inherited)",
					"@executable_path/Frameworks",
					"@loader_path/Frameworks",
				);
				PRODUCT_BUNDLE_IDENTIFIER = dev.bunn.PiStatsMobileTests;
				PRODUCT_NAME = "$(TARGET_NAME)";
				SWIFT_VERSION = 5.0;
				TARGETED_DEVICE_FAMILY = "1,2";
				TEST_HOST = "$(BUILT_PRODUCTS_DIR)/PiStatsMobile.app/PiStatsMobile";
			};
			name = Release;
		};
		3175EB8424AE597A00E7B5FF /* Debug */ = {
			isa = XCBuildConfiguration;
			buildSettings = {
				ALWAYS_EMBED_SWIFT_STANDARD_LIBRARIES = YES;
				CODE_SIGN_STYLE = Automatic;
				DEVELOPMENT_TEAM = B2RUA6XMHC;
				INFOPLIST_FILE = PiStatsMobileUITests/Info.plist;
				LD_RUNPATH_SEARCH_PATHS = (
					"$(inherited)",
					"@executable_path/Frameworks",
					"@loader_path/Frameworks",
				);
				PRODUCT_BUNDLE_IDENTIFIER = dev.bunn.PiStatsMobileUITests;
				PRODUCT_NAME = "$(TARGET_NAME)";
				SWIFT_VERSION = 5.0;
				TARGETED_DEVICE_FAMILY = "1,2";
				TEST_TARGET_NAME = PiStatsMobile;
			};
			name = Debug;
		};
		3175EB8524AE597A00E7B5FF /* Release */ = {
			isa = XCBuildConfiguration;
			buildSettings = {
				ALWAYS_EMBED_SWIFT_STANDARD_LIBRARIES = YES;
				CODE_SIGN_STYLE = Automatic;
				DEVELOPMENT_TEAM = B2RUA6XMHC;
				INFOPLIST_FILE = PiStatsMobileUITests/Info.plist;
				LD_RUNPATH_SEARCH_PATHS = (
					"$(inherited)",
					"@executable_path/Frameworks",
					"@loader_path/Frameworks",
				);
				PRODUCT_BUNDLE_IDENTIFIER = dev.bunn.PiStatsMobileUITests;
				PRODUCT_NAME = "$(TARGET_NAME)";
				SWIFT_VERSION = 5.0;
				TARGETED_DEVICE_FAMILY = "1,2";
				TEST_TARGET_NAME = PiStatsMobile;
			};
			name = Release;
		};
/* End XCBuildConfiguration section */

/* Begin XCConfigurationList section */
		315F5ECF24BA162800FED38F /* Build configuration list for PBXNativeTarget "PiStatsWidgetExtension" */ = {
			isa = XCConfigurationList;
			buildConfigurations = (
				315F5ECD24BA162800FED38F /* Debug */,
				315F5ECE24BA162800FED38F /* Release */,
			);
			defaultConfigurationIsVisible = 0;
			defaultConfigurationName = Release;
		};
		3175EB5324AE597900E7B5FF /* Build configuration list for PBXProject "PiStatsMobile" */ = {
			isa = XCConfigurationList;
			buildConfigurations = (
				3175EB7B24AE597A00E7B5FF /* Debug */,
				3175EB7C24AE597A00E7B5FF /* Release */,
			);
			defaultConfigurationIsVisible = 0;
			defaultConfigurationName = Release;
		};
		3175EB7D24AE597A00E7B5FF /* Build configuration list for PBXNativeTarget "PiStatsMobile" */ = {
			isa = XCConfigurationList;
			buildConfigurations = (
				3175EB7E24AE597A00E7B5FF /* Debug */,
				3175EB7F24AE597A00E7B5FF /* Release */,
			);
			defaultConfigurationIsVisible = 0;
			defaultConfigurationName = Release;
		};
		3175EB8024AE597A00E7B5FF /* Build configuration list for PBXNativeTarget "PiStatsMobileTests" */ = {
			isa = XCConfigurationList;
			buildConfigurations = (
				3175EB8124AE597A00E7B5FF /* Debug */,
				3175EB8224AE597A00E7B5FF /* Release */,
			);
			defaultConfigurationIsVisible = 0;
			defaultConfigurationName = Release;
		};
		3175EB8324AE597A00E7B5FF /* Build configuration list for PBXNativeTarget "PiStatsMobileUITests" */ = {
			isa = XCConfigurationList;
			buildConfigurations = (
				3175EB8424AE597A00E7B5FF /* Debug */,
				3175EB8524AE597A00E7B5FF /* Release */,
			);
			defaultConfigurationIsVisible = 0;
			defaultConfigurationName = Release;
		};
/* End XCConfigurationList section */

/* Begin XCRemoteSwiftPackageReference section */
		315F5EDD24BA2E3900FED38F /* XCRemoteSwiftPackageReference "SwiftHole" */ = {
			isa = XCRemoteSwiftPackageReference;
			repositoryURL = "https://github.com/Bunn/SwiftHole";
			requirement = {
				kind = upToNextMajorVersion;
				minimumVersion = 1.2.0;
			};
		};
/* End XCRemoteSwiftPackageReference section */

/* Begin XCSwiftPackageProductDependency section */
		315F5EDE24BA2E3900FED38F /* SwiftHole */ = {
			isa = XCSwiftPackageProductDependency;
			package = 315F5EDD24BA2E3900FED38F /* XCRemoteSwiftPackageReference "SwiftHole" */;
			productName = SwiftHole;
		};
		315F5EE024BA2E4600FED38F /* SwiftHole */ = {
			isa = XCSwiftPackageProductDependency;
			package = 315F5EDD24BA2E3900FED38F /* XCRemoteSwiftPackageReference "SwiftHole" */;
			productName = SwiftHole;
		};
/* End XCSwiftPackageProductDependency section */
	};
	rootObject = 3175EB5024AE597900E7B5FF /* Project object */;
}
