{
  "object": {
    "pins": [
      {
        "package": "PiMonitor",
        "repositoryURL": "https://github.com/Bunn/PiMonitor",
        "state": {
          "branch": null,
          "revision": "c0dbc72b466e437de94041948c576dc318e9af8a",
          "version": "0.0.5"
        }
      },
      {
        "package": "SwiftHole",
        "repositoryURL": "https://github.com/Bunn/SwiftHole",
        "state": {
          "branch": null,
          "revision": "e111a6396558a235294e7ed2c4fa452735487e50",
          "version": "1.3.0"
        }
      }
    ]
  },
  "version": 1
}
