{
  "object": {
    "pins": [
      {
        "package": "PiMonitor",
        "repositoryURL": "https://github.com/Bunn/PiMonitor",
        "state": {
          "branch": null,
          "revision": "51bed83edbac823becbe34fde3195a44b7e32368",
          "version": "0.0.3"
        }
      },
      {
        "package": "SwiftHole",
        "repositoryURL": "https://github.com/Bunn/SwiftHole",
        "state": {
          "branch": null,
          "revision": "3b19186e2df9014c7b0476322059b6c35a862ee9",
          "version": "1.2.0"
        }
      }
    ]
  },
  "version": 1
}
