{
  "pins" : [
    {
      "identity" : "pimonitor",
      "kind" : "remoteSourceControl",
      "location" : "https://github.com/Bunn/PiMonitor",
      "state" : {
        "revision" : "84d2d26fdcf994e1bb5e129e47d965bb47aaba0b",
        "version" : "0.0.6"
      }
    },
    {
      "identity" : "swifthole",
      "kind" : "remoteSourceControl",
      "location" : "https://github.com/Bunn/SwiftHole",
      "state" : {
        "revision" : "a2f35eaeeed0a43ec77e9c81544e471352ef82e8",
        "version" : "2.0.0"
      }
    }
  ],
  "version" : 2
}
